
Microsoft Visual Studio Solution File, Format Version 12.00
# Visual Studio Version 17
VisualStudioVersion = 17.7.34018.315
MinimumVisualStudioVersion = 10.0.40219.1
Project("{9A19103F-16F7-4668-BE54-9A1E7A4F7556}") = "PlanningPoker.FrontOffice", "PlanningPoker.FrontOffice\PlanningPoker.FrontOffice.csproj", "{58D4E581-64FC-44AB-8A37-D356ABB2FA76}"
EndProject
Project("{9A19103F-16F7-4668-BE54-9A1E7A4F7556}") = "PlanningPoker.IoC", "PlanningPoker.IoC\PlanningPoker.IoC.csproj", "{30124664-E45C-42AA-91BC-8C791FD6770A}"
EndProject
Project("{9A19103F-16F7-4668-BE54-9A1E7A4F7556}") = "PlanningPoker.Services", "PlanningPoker.Services\PlanningPoker.Services.csproj", "{66846825-092B-4288-87A4-6C39FA716F3C}"
EndProject
Project("{9A19103F-16F7-4668-BE54-9A1E7A4F7556}") = "PlanningPoker.DataLayer", "PlanningPoker.DataLayer\PlanningPoker.DataLayer.csproj", "{36771479-8550-4AC0-B78E-4C10BD598CCA}"
EndProject
Project("{9A19103F-16F7-4668-BE54-9A1E7A4F7556}") = "PlanningPoker.Utils", "PlanningPoker.Utils\PlanningPoker.Utils.csproj", "{3A7B9DEC-45F6-4173-8287-DFF4D6012A7A}"
EndProject
Project("{9A19103F-16F7-4668-BE54-9A1E7A4F7556}") = "PlanningPoker.Entities", "PlanningPoker.Entities\PlanningPoker.Entities.csproj", "{4C468D58-131F-4FD3-86B4-2E07AEC8EE38}"
EndProject
Project("{FAE04EC0-301F-11D3-BF4B-00C04F79EFBC}") = "PlanningPoker.DataModel", "PlanningPoker.DataModel\PlanningPoker.DataModel.csproj", "{C1774F7E-40DF-496F-8962-36E8EDD99D1D}"
EndProject
Global
	GlobalSection(SolutionConfigurationPlatforms) = preSolution
		Debug|Any CPU = Debug|Any CPU
		Release|Any CPU = Release|Any CPU
	EndGlobalSection
	GlobalSection(ProjectConfigurationPlatforms) = postSolution
		{58D4E581-64FC-44AB-8A37-D356ABB2FA76}.Debug|Any CPU.ActiveCfg = Debug|Any CPU
		{58D4E581-64FC-44AB-8A37-D356ABB2FA76}.Debug|Any CPU.Build.0 = Debug|Any CPU
		{58D4E581-64FC-44AB-8A37-D356ABB2FA76}.Release|Any CPU.ActiveCfg = Release|Any CPU
		{58D4E581-64FC-44AB-8A37-D356ABB2FA76}.Release|Any CPU.Build.0 = Release|Any CPU
		{30124664-E45C-42AA-91BC-8C791FD6770A}.Debug|Any CPU.ActiveCfg = Debug|Any CPU
		{30124664-E45C-42AA-91BC-8C791FD6770A}.Debug|Any CPU.Build.0 = Debug|Any CPU
		{30124664-E45C-42AA-91BC-8C791FD6770A}.Release|Any CPU.ActiveCfg = Release|Any CPU
		{30124664-E45C-42AA-91BC-8C791FD6770A}.Release|Any CPU.Build.0 = Release|Any CPU
		{66846825-092B-4288-87A4-6C39FA716F3C}.Debug|Any CPU.ActiveCfg = Debug|Any CPU
		{66846825-092B-4288-87A4-6C39FA716F3C}.Debug|Any CPU.Build.0 = Debug|Any CPU
		{66846825-092B-4288-87A4-6C39FA716F3C}.Release|Any CPU.ActiveCfg = Release|Any CPU
		{66846825-092B-4288-87A4-6C39FA716F3C}.Release|Any CPU.Build.0 = Release|Any CPU
		{36771479-8550-4AC0-B78E-4C10BD598CCA}.Debug|Any CPU.ActiveCfg = Debug|Any CPU
		{36771479-8550-4AC0-B78E-4C10BD598CCA}.Debug|Any CPU.Build.0 = Debug|Any CPU
		{36771479-8550-4AC0-B78E-4C10BD598CCA}.Release|Any CPU.ActiveCfg = Release|Any CPU
		{36771479-8550-4AC0-B78E-4C10BD598CCA}.Release|Any CPU.Build.0 = Release|Any CPU
		{3A7B9DEC-45F6-4173-8287-DFF4D6012A7A}.Debug|Any CPU.ActiveCfg = Debug|Any CPU
		{3A7B9DEC-45F6-4173-8287-DFF4D6012A7A}.Debug|Any CPU.Build.0 = Debug|Any CPU
		{3A7B9DEC-45F6-4173-8287-DFF4D6012A7A}.Release|Any CPU.ActiveCfg = Release|Any CPU
		{3A7B9DEC-45F6-4173-8287-DFF4D6012A7A}.Release|Any CPU.Build.0 = Release|Any CPU
		{4C468D58-131F-4FD3-86B4-2E07AEC8EE38}.Debug|Any CPU.ActiveCfg = Debug|Any CPU
		{4C468D58-131F-4FD3-86B4-2E07AEC8EE38}.Debug|Any CPU.Build.0 = Debug|Any CPU
		{4C468D58-131F-4FD3-86B4-2E07AEC8EE38}.Release|Any CPU.ActiveCfg = Release|Any CPU
		{4C468D58-131F-4FD3-86B4-2E07AEC8EE38}.Release|Any CPU.Build.0 = Release|Any CPU
		{C1774F7E-40DF-496F-8962-36E8EDD99D1D}.Debug|Any CPU.ActiveCfg = Debug|Any CPU
		{C1774F7E-40DF-496F-8962-36E8EDD99D1D}.Debug|Any CPU.Build.0 = Debug|Any CPU
		{C1774F7E-40DF-496F-8962-36E8EDD99D1D}.Release|Any CPU.ActiveCfg = Release|Any CPU
		{C1774F7E-40DF-496F-8962-36E8EDD99D1D}.Release|Any CPU.Build.0 = Release|Any CPU
	EndGlobalSection
	GlobalSection(SolutionProperties) = preSolution
		HideSolutionNode = FALSE
	EndGlobalSection
	GlobalSection(ExtensibilityGlobals) = postSolution
		SolutionGuid = {032EC126-F2C6-48A6-9E34-F61F3E82C624}
	EndGlobalSection
EndGlobal
